
Microsoft Visual Studio Solution File, Format Version 12.00
# Visual Studio 14
VisualStudioVersion = 14.0.25420.1
MinimumVisualStudioVersion = 10.0.40219.1
Project("{FAE04EC0-301F-11D3-BF4B-00C04F79EFBC}") = "01. Distance", "01. Distance\01. Distance.csproj", "{FFEAFF7F-6584-4E68-A9FE-15913DDD87BD}"
EndProject
Project("{FAE04EC0-301F-11D3-BF4B-00C04F79EFBC}") = "06. LettersCombinations", "06. LettersCombinations\06. LettersCombinations.csproj", "{8FDC45FC-03D7-400B-848C-A34F4B777318}"
EndProject
Project("{FAE04EC0-301F-11D3-BF4B-00C04F79EFBC}") = "02. ChangeTiles", "02. ChangeTiles\02. ChangeTiles.csproj", "{E37595A4-B12A-4764-A2F3-6A4B3FDF3B06}"
EndProject
Project("{FAE04EC0-301F-11D3-BF4B-00C04F79EFBC}") = "03. Flowers", "03. Flowers\03. Flowers.csproj", "{E87498E7-9C31-4AF8-8D65-083A7913E315}"
EndProject
Project("{FAE04EC0-301F-11D3-BF4B-00C04F79EFBC}") = "04. Grades", "04. Grades\04. Grades.csproj", "{AC22F562-8797-4F96-BD16-C544971041E4}"
EndProject
Project("{FAE04EC0-301F-11D3-BF4B-00C04F79EFBC}") = "05. ChristmasHat", "05. ChristmasHat\05. ChristmasHat.csproj", "{7296BE55-9315-4B2D-87EC-B73527777414}"
EndProject
Project("{2150E333-8FDC-42A3-9474-1A3956D46DE8}") = "Solution Items", "Solution Items", "{406EC954-4336-47FB-B5A3-C3E50B49A8CA}"
	ProjectSection(SolutionItems) = preProject
		D:\Softuni\0.1. Programming Basics-December 2016\Exam Preparation Issues-Solutions\Programming Basics Exam - 18 December 2016\Problem 01. Distance_Условие.docx = D:\Softuni\0.1. Programming Basics-December 2016\Exam Preparation Issues-Solutions\Programming Basics Exam - 18 December 2016\Problem 01. Distance_Условие.docx
		D:\Softuni\0.1. Programming Basics-December 2016\Exam Preparation Issues-Solutions\Programming Basics Exam - 18 December 2016\Problem 02. Change Tiles_Условие.docx = D:\Softuni\0.1. Programming Basics-December 2016\Exam Preparation Issues-Solutions\Programming Basics Exam - 18 December 2016\Problem 02. Change Tiles_Условие.docx
		D:\Softuni\0.1. Programming Basics-December 2016\Exam Preparation Issues-Solutions\Programming Basics Exam - 18 December 2016\Problem 03. Flowers_Условие.docx = D:\Softuni\0.1. Programming Basics-December 2016\Exam Preparation Issues-Solutions\Programming Basics Exam - 18 December 2016\Problem 03. Flowers_Условие.docx
		D:\Softuni\0.1. Programming Basics-December 2016\Exam Preparation Issues-Solutions\Programming Basics Exam - 18 December 2016\Problem 04. Grades_Условие.docx = D:\Softuni\0.1. Programming Basics-December 2016\Exam Preparation Issues-Solutions\Programming Basics Exam - 18 December 2016\Problem 04. Grades_Условие.docx
		D:\Softuni\0.1. Programming Basics-December 2016\Exam Preparation Issues-Solutions\Programming Basics Exam - 18 December 2016\Problem 05. Christmas Hat_Условие.docx = D:\Softuni\0.1. Programming Basics-December 2016\Exam Preparation Issues-Solutions\Programming Basics Exam - 18 December 2016\Problem 05. Christmas Hat_Условие.docx
		D:\Softuni\0.1. Programming Basics-December 2016\Exam Preparation Issues-Solutions\Programming Basics Exam - 18 December 2016\Problem 06. Letters Combinations_Условие.docx = D:\Softuni\0.1. Programming Basics-December 2016\Exam Preparation Issues-Solutions\Programming Basics Exam - 18 December 2016\Problem 06. Letters Combinations_Условие.docx
	EndProjectSection
EndProject
Global
	GlobalSection(SolutionConfigurationPlatforms) = preSolution
		Debug|Any CPU = Debug|Any CPU
		Release|Any CPU = Release|Any CPU
	EndGlobalSection
	GlobalSection(ProjectConfigurationPlatforms) = postSolution
		{FFEAFF7F-6584-4E68-A9FE-15913DDD87BD}.Debug|Any CPU.ActiveCfg = Debug|Any CPU
		{FFEAFF7F-6584-4E68-A9FE-15913DDD87BD}.Debug|Any CPU.Build.0 = Debug|Any CPU
		{FFEAFF7F-6584-4E68-A9FE-15913DDD87BD}.Release|Any CPU.ActiveCfg = Release|Any CPU
		{FFEAFF7F-6584-4E68-A9FE-15913DDD87BD}.Release|Any CPU.Build.0 = Release|Any CPU
		{8FDC45FC-03D7-400B-848C-A34F4B777318}.Debug|Any CPU.ActiveCfg = Debug|Any CPU
		{8FDC45FC-03D7-400B-848C-A34F4B777318}.Debug|Any CPU.Build.0 = Debug|Any CPU
		{8FDC45FC-03D7-400B-848C-A34F4B777318}.Release|Any CPU.ActiveCfg = Release|Any CPU
		{8FDC45FC-03D7-400B-848C-A34F4B777318}.Release|Any CPU.Build.0 = Release|Any CPU
		{E37595A4-B12A-4764-A2F3-6A4B3FDF3B06}.Debug|Any CPU.ActiveCfg = Debug|Any CPU
		{E37595A4-B12A-4764-A2F3-6A4B3FDF3B06}.Debug|Any CPU.Build.0 = Debug|Any CPU
		{E37595A4-B12A-4764-A2F3-6A4B3FDF3B06}.Release|Any CPU.ActiveCfg = Release|Any CPU
		{E37595A4-B12A-4764-A2F3-6A4B3FDF3B06}.Release|Any CPU.Build.0 = Release|Any CPU
		{E87498E7-9C31-4AF8-8D65-083A7913E315}.Debug|Any CPU.ActiveCfg = Debug|Any CPU
		{E87498E7-9C31-4AF8-8D65-083A7913E315}.Debug|Any CPU.Build.0 = Debug|Any CPU
		{E87498E7-9C31-4AF8-8D65-083A7913E315}.Release|Any CPU.ActiveCfg = Release|Any CPU
		{E87498E7-9C31-4AF8-8D65-083A7913E315}.Release|Any CPU.Build.0 = Release|Any CPU
		{AC22F562-8797-4F96-BD16-C544971041E4}.Debug|Any CPU.ActiveCfg = Debug|Any CPU
		{AC22F562-8797-4F96-BD16-C544971041E4}.Debug|Any CPU.Build.0 = Debug|Any CPU
		{AC22F562-8797-4F96-BD16-C544971041E4}.Release|Any CPU.ActiveCfg = Release|Any CPU
		{AC22F562-8797-4F96-BD16-C544971041E4}.Release|Any CPU.Build.0 = Release|Any CPU
		{7296BE55-9315-4B2D-87EC-B73527777414}.Debug|Any CPU.ActiveCfg = Debug|Any CPU
		{7296BE55-9315-4B2D-87EC-B73527777414}.Debug|Any CPU.Build.0 = Debug|Any CPU
		{7296BE55-9315-4B2D-87EC-B73527777414}.Release|Any CPU.ActiveCfg = Release|Any CPU
		{7296BE55-9315-4B2D-87EC-B73527777414}.Release|Any CPU.Build.0 = Release|Any CPU
	EndGlobalSection
	GlobalSection(SolutionProperties) = preSolution
		HideSolutionNode = FALSE
	EndGlobalSection
EndGlobal
