
Microsoft Visual Studio Solution File, Format Version 12.00
# Visual Studio 14
VisualStudioVersion = 14.0.25420.1
MinimumVisualStudioVersion = 10.0.40219.1
Project("{FAE04EC0-301F-11D3-BF4B-00C04F79EFBC}") = "05. Rocket", "05. Rocket\05. Rocket.csproj", "{6D63C72F-58C6-4064-9AC5-0CE0FBF6B385}"
EndProject
Project("{FAE04EC0-301F-11D3-BF4B-00C04F79EFBC}") = "01. HousePrice", "01. HousePrice\01. HousePrice.csproj", "{B9EF70D4-A217-4E46-A2F9-600931419119}"
EndProject
Project("{FAE04EC0-301F-11D3-BF4B-00C04F79EFBC}") = "02. FlowerShop", "02. FlowerShop\02. FlowerShop.csproj", "{C6021F20-317A-47C7-A1A4-8D5FBF79024F}"
EndProject
Project("{FAE04EC0-301F-11D3-BF4B-00C04F79EFBC}") = "03. BikeRace", "03. BikeRace\03. BikeRace.csproj", "{507312BF-A67B-43B2-B888-50D946244079}"
EndProject
Project("{FAE04EC0-301F-11D3-BF4B-00C04F79EFBC}") = "04. Logistics", "04. Logistics\04. Logistics.csproj", "{22AFCCCD-5A79-41B2-9DD7-B876FE09A682}"
EndProject
Project("{FAE04EC0-301F-11D3-BF4B-00C04F79EFBC}") = "06. MaxCombination", "06. MaxCombination\06. MaxCombination.csproj", "{204F1BBD-4542-4EE1-AFBD-42F1FEDB0AF0}"
EndProject
Project("{2150E333-8FDC-42A3-9474-1A3956D46DE8}") = "Solution Items", "Solution Items", "{D18F1B32-E76C-47E5-A089-A92515D8AF3B}"
	ProjectSection(SolutionItems) = preProject
		01. House Price.docx = 01. House Price.docx
		02. Flower Shop.docx = 02. Flower Shop.docx
		03. Bike Race.docx = 03. Bike Race.docx
		04. Logistics.docx = 04. Logistics.docx
		05. Rocket.docx = 05. Rocket.docx
		06. Max Combination.docx = 06. Max Combination.docx
	EndProjectSection
EndProject
Global
	GlobalSection(SolutionConfigurationPlatforms) = preSolution
		Debug|Any CPU = Debug|Any CPU
		Release|Any CPU = Release|Any CPU
	EndGlobalSection
	GlobalSection(ProjectConfigurationPlatforms) = postSolution
		{6D63C72F-58C6-4064-9AC5-0CE0FBF6B385}.Debug|Any CPU.ActiveCfg = Debug|Any CPU
		{6D63C72F-58C6-4064-9AC5-0CE0FBF6B385}.Debug|Any CPU.Build.0 = Debug|Any CPU
		{6D63C72F-58C6-4064-9AC5-0CE0FBF6B385}.Release|Any CPU.ActiveCfg = Release|Any CPU
		{6D63C72F-58C6-4064-9AC5-0CE0FBF6B385}.Release|Any CPU.Build.0 = Release|Any CPU
		{B9EF70D4-A217-4E46-A2F9-600931419119}.Debug|Any CPU.ActiveCfg = Debug|Any CPU
		{B9EF70D4-A217-4E46-A2F9-600931419119}.Debug|Any CPU.Build.0 = Debug|Any CPU
		{B9EF70D4-A217-4E46-A2F9-600931419119}.Release|Any CPU.ActiveCfg = Release|Any CPU
		{B9EF70D4-A217-4E46-A2F9-600931419119}.Release|Any CPU.Build.0 = Release|Any CPU
		{C6021F20-317A-47C7-A1A4-8D5FBF79024F}.Debug|Any CPU.ActiveCfg = Debug|Any CPU
		{C6021F20-317A-47C7-A1A4-8D5FBF79024F}.Debug|Any CPU.Build.0 = Debug|Any CPU
		{C6021F20-317A-47C7-A1A4-8D5FBF79024F}.Release|Any CPU.ActiveCfg = Release|Any CPU
		{C6021F20-317A-47C7-A1A4-8D5FBF79024F}.Release|Any CPU.Build.0 = Release|Any CPU
		{507312BF-A67B-43B2-B888-50D946244079}.Debug|Any CPU.ActiveCfg = Debug|Any CPU
		{507312BF-A67B-43B2-B888-50D946244079}.Debug|Any CPU.Build.0 = Debug|Any CPU
		{507312BF-A67B-43B2-B888-50D946244079}.Release|Any CPU.ActiveCfg = Release|Any CPU
		{507312BF-A67B-43B2-B888-50D946244079}.Release|Any CPU.Build.0 = Release|Any CPU
		{22AFCCCD-5A79-41B2-9DD7-B876FE09A682}.Debug|Any CPU.ActiveCfg = Debug|Any CPU
		{22AFCCCD-5A79-41B2-9DD7-B876FE09A682}.Debug|Any CPU.Build.0 = Debug|Any CPU
		{22AFCCCD-5A79-41B2-9DD7-B876FE09A682}.Release|Any CPU.ActiveCfg = Release|Any CPU
		{22AFCCCD-5A79-41B2-9DD7-B876FE09A682}.Release|Any CPU.Build.0 = Release|Any CPU
		{204F1BBD-4542-4EE1-AFBD-42F1FEDB0AF0}.Debug|Any CPU.ActiveCfg = Debug|Any CPU
		{204F1BBD-4542-4EE1-AFBD-42F1FEDB0AF0}.Debug|Any CPU.Build.0 = Debug|Any CPU
		{204F1BBD-4542-4EE1-AFBD-42F1FEDB0AF0}.Release|Any CPU.ActiveCfg = Release|Any CPU
		{204F1BBD-4542-4EE1-AFBD-42F1FEDB0AF0}.Release|Any CPU.Build.0 = Release|Any CPU
	EndGlobalSection
	GlobalSection(SolutionProperties) = preSolution
		HideSolutionNode = FALSE
	EndGlobalSection
EndGlobal
