
Microsoft Visual Studio Solution File, Format Version 12.00
# Visual Studio 14
VisualStudioVersion = 14.0.25420.1
MinimumVisualStudioVersion = 10.0.40219.1
Project("{FAE04EC0-301F-11D3-BF4B-00C04F79EFBC}") = "01. Fishland", "01. Fishland\01. Fishland.csproj", "{D96E0F28-2A3B-4675-9537-C09B2CB7B8B2}"
EndProject
Project("{FAE04EC0-301F-11D3-BF4B-00C04F79EFBC}") = "02. Pets", "02. Pets\02. Pets.csproj", "{A851C3B2-1205-4DE0-8B66-F53C51F7AEDD}"
EndProject
Project("{FAE04EC0-301F-11D3-BF4B-00C04F79EFBC}") = "03. Vacation", "03. Vacation\03. Vacation.csproj", "{226241C2-94C1-45ED-9DC5-F541CF6251CD}"
EndProject
Project("{FAE04EC0-301F-11D3-BF4B-00C04F79EFBC}") = "04. SoftUni Camp", "04. SoftUni Camp\04. SoftUni Camp.csproj", "{0DBF9F38-C16D-4771-974D-F31D44686D93}"
EndProject
Project("{FAE04EC0-301F-11D3-BF4B-00C04F79EFBC}") = "05. Fox", "05. Fox\05. Fox.csproj", "{E15A1292-60CE-40F6-B7FC-A97E8026148B}"
EndProject
Project("{FAE04EC0-301F-11D3-BF4B-00C04F79EFBC}") = "06. Battles", "06. Battles\06. Battles.csproj", "{BC36E3C2-0636-4A2F-A976-253C59DA15FB}"
EndProject
Project("{2150E333-8FDC-42A3-9474-1A3956D46DE8}") = "Solution Items", "Solution Items", "{7066278D-24BE-4D1B-A2BE-E6222C0DCA15}"
	ProjectSection(SolutionItems) = preProject
		01. Fishland.docx = 01. Fishland.docx
		02. Pets.docx = 02. Pets.docx
		03. Vacation.docx = 03. Vacation.docx
		04. SoftUni Camp.docx = 04. SoftUni Camp.docx
		05. Fox.docx = 05. Fox.docx
		06. Battles.docx = 06. Battles.docx
	EndProjectSection
EndProject
Global
	GlobalSection(SolutionConfigurationPlatforms) = preSolution
		Debug|Any CPU = Debug|Any CPU
		Release|Any CPU = Release|Any CPU
	EndGlobalSection
	GlobalSection(ProjectConfigurationPlatforms) = postSolution
		{D96E0F28-2A3B-4675-9537-C09B2CB7B8B2}.Debug|Any CPU.ActiveCfg = Debug|Any CPU
		{D96E0F28-2A3B-4675-9537-C09B2CB7B8B2}.Debug|Any CPU.Build.0 = Debug|Any CPU
		{D96E0F28-2A3B-4675-9537-C09B2CB7B8B2}.Release|Any CPU.ActiveCfg = Release|Any CPU
		{D96E0F28-2A3B-4675-9537-C09B2CB7B8B2}.Release|Any CPU.Build.0 = Release|Any CPU
		{A851C3B2-1205-4DE0-8B66-F53C51F7AEDD}.Debug|Any CPU.ActiveCfg = Debug|Any CPU
		{A851C3B2-1205-4DE0-8B66-F53C51F7AEDD}.Debug|Any CPU.Build.0 = Debug|Any CPU
		{A851C3B2-1205-4DE0-8B66-F53C51F7AEDD}.Release|Any CPU.ActiveCfg = Release|Any CPU
		{A851C3B2-1205-4DE0-8B66-F53C51F7AEDD}.Release|Any CPU.Build.0 = Release|Any CPU
		{226241C2-94C1-45ED-9DC5-F541CF6251CD}.Debug|Any CPU.ActiveCfg = Debug|Any CPU
		{226241C2-94C1-45ED-9DC5-F541CF6251CD}.Debug|Any CPU.Build.0 = Debug|Any CPU
		{226241C2-94C1-45ED-9DC5-F541CF6251CD}.Release|Any CPU.ActiveCfg = Release|Any CPU
		{226241C2-94C1-45ED-9DC5-F541CF6251CD}.Release|Any CPU.Build.0 = Release|Any CPU
		{0DBF9F38-C16D-4771-974D-F31D44686D93}.Debug|Any CPU.ActiveCfg = Debug|Any CPU
		{0DBF9F38-C16D-4771-974D-F31D44686D93}.Debug|Any CPU.Build.0 = Debug|Any CPU
		{0DBF9F38-C16D-4771-974D-F31D44686D93}.Release|Any CPU.ActiveCfg = Release|Any CPU
		{0DBF9F38-C16D-4771-974D-F31D44686D93}.Release|Any CPU.Build.0 = Release|Any CPU
		{E15A1292-60CE-40F6-B7FC-A97E8026148B}.Debug|Any CPU.ActiveCfg = Debug|Any CPU
		{E15A1292-60CE-40F6-B7FC-A97E8026148B}.Debug|Any CPU.Build.0 = Debug|Any CPU
		{E15A1292-60CE-40F6-B7FC-A97E8026148B}.Release|Any CPU.ActiveCfg = Release|Any CPU
		{E15A1292-60CE-40F6-B7FC-A97E8026148B}.Release|Any CPU.Build.0 = Release|Any CPU
		{BC36E3C2-0636-4A2F-A976-253C59DA15FB}.Debug|Any CPU.ActiveCfg = Debug|Any CPU
		{BC36E3C2-0636-4A2F-A976-253C59DA15FB}.Debug|Any CPU.Build.0 = Debug|Any CPU
		{BC36E3C2-0636-4A2F-A976-253C59DA15FB}.Release|Any CPU.ActiveCfg = Release|Any CPU
		{BC36E3C2-0636-4A2F-A976-253C59DA15FB}.Release|Any CPU.Build.0 = Release|Any CPU
	EndGlobalSection
	GlobalSection(SolutionProperties) = preSolution
		HideSolutionNode = FALSE
	EndGlobalSection
EndGlobal
