
Microsoft Visual Studio Solution File, Format Version 12.00
# Visual Studio 14
VisualStudioVersion = 14.0.25420.1
MinimumVisualStudioVersion = 10.0.40219.1
Project("{FAE04EC0-301F-11D3-BF4B-00C04F79EFBC}") = "01.Profit", "01.Profit\01.Profit.csproj", "{7AD9F6E3-543D-4D0D-B969-A5BF1D26D20F}"
EndProject
Project("{FAE04EC0-301F-11D3-BF4B-00C04F79EFBC}") = "02.Firm", "02.Firm\02.Firm.csproj", "{578E7BC3-EFA9-4C36-9452-D89D6EA5E607}"
EndProject
Project("{FAE04EC0-301F-11D3-BF4B-00C04F79EFBC}") = "03.HotelRoom", "03.HotelRoom\03.HotelRoom.csproj", "{6EB15079-A6D3-4798-AFE3-125AFC2FCAF9}"
EndProject
Project("{FAE04EC0-301F-11D3-BF4B-00C04F79EFBC}") = "04.Hospital", "04.Hospital\04.Hospital.csproj", "{A1CDC507-6DB3-4D78-BFAA-5AADDB477A97}"
EndProject
Project("{FAE04EC0-301F-11D3-BF4B-00C04F79EFBC}") = "05.Axe", "05.Axe\05.Axe.csproj", "{0137BB66-371E-4D3C-BD9A-2D793068FB26}"
EndProject
Project("{FAE04EC0-301F-11D3-BF4B-00C04F79EFBC}") = "06.Digits", "06.Digits\06.Digits.csproj", "{DEEDD2D7-DE49-4D64-B848-280D33A40F49}"
EndProject
Project("{2150E333-8FDC-42A3-9474-1A3956D46DE8}") = "Solution Items", "Solution Items", "{DE16E0C4-8612-4E44-A30D-827C92B1FF88}"
	ProjectSection(SolutionItems) = preProject
		01.Profit.docx = 01.Profit.docx
		02.Firm.docx = 02.Firm.docx
		03.HotelRoom.docx = 03.HotelRoom.docx
		04.Hospital.docx = 04.Hospital.docx
		05.Axe.docx = 05.Axe.docx
		06.Digits.docx = 06.Digits.docx
	EndProjectSection
EndProject
Global
	GlobalSection(SolutionConfigurationPlatforms) = preSolution
		Debug|Any CPU = Debug|Any CPU
		Release|Any CPU = Release|Any CPU
	EndGlobalSection
	GlobalSection(ProjectConfigurationPlatforms) = postSolution
		{7AD9F6E3-543D-4D0D-B969-A5BF1D26D20F}.Debug|Any CPU.ActiveCfg = Debug|Any CPU
		{7AD9F6E3-543D-4D0D-B969-A5BF1D26D20F}.Debug|Any CPU.Build.0 = Debug|Any CPU
		{7AD9F6E3-543D-4D0D-B969-A5BF1D26D20F}.Release|Any CPU.ActiveCfg = Release|Any CPU
		{7AD9F6E3-543D-4D0D-B969-A5BF1D26D20F}.Release|Any CPU.Build.0 = Release|Any CPU
		{578E7BC3-EFA9-4C36-9452-D89D6EA5E607}.Debug|Any CPU.ActiveCfg = Debug|Any CPU
		{578E7BC3-EFA9-4C36-9452-D89D6EA5E607}.Debug|Any CPU.Build.0 = Debug|Any CPU
		{578E7BC3-EFA9-4C36-9452-D89D6EA5E607}.Release|Any CPU.ActiveCfg = Release|Any CPU
		{578E7BC3-EFA9-4C36-9452-D89D6EA5E607}.Release|Any CPU.Build.0 = Release|Any CPU
		{6EB15079-A6D3-4798-AFE3-125AFC2FCAF9}.Debug|Any CPU.ActiveCfg = Debug|Any CPU
		{6EB15079-A6D3-4798-AFE3-125AFC2FCAF9}.Debug|Any CPU.Build.0 = Debug|Any CPU
		{6EB15079-A6D3-4798-AFE3-125AFC2FCAF9}.Release|Any CPU.ActiveCfg = Release|Any CPU
		{6EB15079-A6D3-4798-AFE3-125AFC2FCAF9}.Release|Any CPU.Build.0 = Release|Any CPU
		{A1CDC507-6DB3-4D78-BFAA-5AADDB477A97}.Debug|Any CPU.ActiveCfg = Debug|Any CPU
		{A1CDC507-6DB3-4D78-BFAA-5AADDB477A97}.Debug|Any CPU.Build.0 = Debug|Any CPU
		{A1CDC507-6DB3-4D78-BFAA-5AADDB477A97}.Release|Any CPU.ActiveCfg = Release|Any CPU
		{A1CDC507-6DB3-4D78-BFAA-5AADDB477A97}.Release|Any CPU.Build.0 = Release|Any CPU
		{0137BB66-371E-4D3C-BD9A-2D793068FB26}.Debug|Any CPU.ActiveCfg = Debug|Any CPU
		{0137BB66-371E-4D3C-BD9A-2D793068FB26}.Debug|Any CPU.Build.0 = Debug|Any CPU
		{0137BB66-371E-4D3C-BD9A-2D793068FB26}.Release|Any CPU.ActiveCfg = Release|Any CPU
		{0137BB66-371E-4D3C-BD9A-2D793068FB26}.Release|Any CPU.Build.0 = Release|Any CPU
		{DEEDD2D7-DE49-4D64-B848-280D33A40F49}.Debug|Any CPU.ActiveCfg = Debug|Any CPU
		{DEEDD2D7-DE49-4D64-B848-280D33A40F49}.Debug|Any CPU.Build.0 = Debug|Any CPU
		{DEEDD2D7-DE49-4D64-B848-280D33A40F49}.Release|Any CPU.ActiveCfg = Release|Any CPU
		{DEEDD2D7-DE49-4D64-B848-280D33A40F49}.Release|Any CPU.Build.0 = Release|Any CPU
	EndGlobalSection
	GlobalSection(SolutionProperties) = preSolution
		HideSolutionNode = FALSE
	EndGlobalSection
EndGlobal
