
Microsoft Visual Studio Solution File, Format Version 12.00
# Visual Studio 14
VisualStudioVersion = 14.0.25420.1
MinimumVisualStudioVersion = 10.0.40219.1
Project("{FAE04EC0-301F-11D3-BF4B-00C04F79EFBC}") = "05. Stop", "05. Stop\05. Stop.csproj", "{28FF65AA-96E2-4FCF-9AF4-AAA0D4246C93}"
EndProject
Project("{FAE04EC0-301F-11D3-BF4B-00C04F79EFBC}") = "06. SpecialNumbers", "06. SpecialNumbers\06. SpecialNumbers.csproj", "{8CBBA7F0-94D9-46D6-86BE-50055B80E3D5}"
EndProject
Project("{FAE04EC0-301F-11D3-BF4B-00C04F79EFBC}") = "04. SmartLily", "04. SmartLily\04. SmartLily.csproj", "{43D773D3-A0B0-4BDB-82E8-A5BBC0974CA0}"
EndProject
Project("{FAE04EC0-301F-11D3-BF4B-00C04F79EFBC}") = "03. NumsOperations", "03. NumsOperations\03. NumsOperations.csproj", "{BE819BB5-AD6C-4170-B3CD-5115E98C17DE}"
EndProject
Project("{FAE04EC0-301F-11D3-BF4B-00C04F79EFBC}") = "02. SleepyCatTom", "02. SleepyCatTom\02. SleepyCatTom.csproj", "{EBDAC97D-46AA-4620-9CCA-E1B6B3159915}"
EndProject
Project("{FAE04EC0-301F-11D3-BF4B-00C04F79EFBC}") = "01. TileRepairment", "01. TileRepairment\01. TileRepairment.csproj", "{6F69EAE3-1861-494D-B8E5-D5504F1DCAF7}"
EndProject
Project("{2150E333-8FDC-42A3-9474-1A3956D46DE8}") = "Solution Items", "Solution Items", "{8BCD0AFC-312B-4214-8A3C-02E02FDEDD5C}"
	ProjectSection(SolutionItems) = preProject
		01.RepairingTheTiles.docx = 01.RepairingTheTiles.docx
		02.SleepyTomCat.docx = 02.SleepyTomCat.docx
		03.Operations.docx = 03.Operations.docx
		04.SmartLilly.docx = 04.SmartLilly.docx
		05.Stop.docx = 05.Stop.docx
		06.SpecialNumbers.docx = 06.SpecialNumbers.docx
	EndProjectSection
EndProject
Global
	GlobalSection(SolutionConfigurationPlatforms) = preSolution
		Debug|Any CPU = Debug|Any CPU
		Release|Any CPU = Release|Any CPU
	EndGlobalSection
	GlobalSection(ProjectConfigurationPlatforms) = postSolution
		{28FF65AA-96E2-4FCF-9AF4-AAA0D4246C93}.Debug|Any CPU.ActiveCfg = Debug|Any CPU
		{28FF65AA-96E2-4FCF-9AF4-AAA0D4246C93}.Debug|Any CPU.Build.0 = Debug|Any CPU
		{28FF65AA-96E2-4FCF-9AF4-AAA0D4246C93}.Release|Any CPU.ActiveCfg = Release|Any CPU
		{28FF65AA-96E2-4FCF-9AF4-AAA0D4246C93}.Release|Any CPU.Build.0 = Release|Any CPU
		{8CBBA7F0-94D9-46D6-86BE-50055B80E3D5}.Debug|Any CPU.ActiveCfg = Debug|Any CPU
		{8CBBA7F0-94D9-46D6-86BE-50055B80E3D5}.Debug|Any CPU.Build.0 = Debug|Any CPU
		{8CBBA7F0-94D9-46D6-86BE-50055B80E3D5}.Release|Any CPU.ActiveCfg = Release|Any CPU
		{8CBBA7F0-94D9-46D6-86BE-50055B80E3D5}.Release|Any CPU.Build.0 = Release|Any CPU
		{43D773D3-A0B0-4BDB-82E8-A5BBC0974CA0}.Debug|Any CPU.ActiveCfg = Debug|Any CPU
		{43D773D3-A0B0-4BDB-82E8-A5BBC0974CA0}.Debug|Any CPU.Build.0 = Debug|Any CPU
		{43D773D3-A0B0-4BDB-82E8-A5BBC0974CA0}.Release|Any CPU.ActiveCfg = Release|Any CPU
		{43D773D3-A0B0-4BDB-82E8-A5BBC0974CA0}.Release|Any CPU.Build.0 = Release|Any CPU
		{BE819BB5-AD6C-4170-B3CD-5115E98C17DE}.Debug|Any CPU.ActiveCfg = Debug|Any CPU
		{BE819BB5-AD6C-4170-B3CD-5115E98C17DE}.Debug|Any CPU.Build.0 = Debug|Any CPU
		{BE819BB5-AD6C-4170-B3CD-5115E98C17DE}.Release|Any CPU.ActiveCfg = Release|Any CPU
		{BE819BB5-AD6C-4170-B3CD-5115E98C17DE}.Release|Any CPU.Build.0 = Release|Any CPU
		{EBDAC97D-46AA-4620-9CCA-E1B6B3159915}.Debug|Any CPU.ActiveCfg = Debug|Any CPU
		{EBDAC97D-46AA-4620-9CCA-E1B6B3159915}.Debug|Any CPU.Build.0 = Debug|Any CPU
		{EBDAC97D-46AA-4620-9CCA-E1B6B3159915}.Release|Any CPU.ActiveCfg = Release|Any CPU
		{EBDAC97D-46AA-4620-9CCA-E1B6B3159915}.Release|Any CPU.Build.0 = Release|Any CPU
		{6F69EAE3-1861-494D-B8E5-D5504F1DCAF7}.Debug|Any CPU.ActiveCfg = Debug|Any CPU
		{6F69EAE3-1861-494D-B8E5-D5504F1DCAF7}.Debug|Any CPU.Build.0 = Debug|Any CPU
		{6F69EAE3-1861-494D-B8E5-D5504F1DCAF7}.Release|Any CPU.ActiveCfg = Release|Any CPU
		{6F69EAE3-1861-494D-B8E5-D5504F1DCAF7}.Release|Any CPU.Build.0 = Release|Any CPU
	EndGlobalSection
	GlobalSection(SolutionProperties) = preSolution
		HideSolutionNode = FALSE
	EndGlobalSection
EndGlobal
