
Microsoft Visual Studio Solution File, Format Version 12.00
# Visual Studio 14
VisualStudioVersion = 14.0.25420.1
MinimumVisualStudioVersion = 10.0.40219.1
Project("{FAE04EC0-301F-11D3-BF4B-00C04F79EFBC}") = "02. PoolPipes", "02. PoolPipes\02. PoolPipes.csproj", "{D799C041-A055-44D2-8A11-C1B349513CF2}"
EndProject
Project("{FAE04EC0-301F-11D3-BF4B-00C04F79EFBC}") = "03. Trip", "03. Trip\03. Trip.csproj", "{97970A82-887A-485A-9972-9F6869A4AEEA}"
EndProject
Project("{FAE04EC0-301F-11D3-BF4B-00C04F79EFBC}") = "01. VegetableMarket", "01. VegetableMarket\01. VegetableMarket.csproj", "{D712ABC0-1B63-4D33-99EA-F4AAC7E427E9}"
EndProject
Project("{2150E333-8FDC-42A3-9474-1A3956D46DE8}") = "Solution Items", "Solution Items", "{B9F564C8-C651-4DD8-BFFD-DABC5FB0A2D7}"
	ProjectSection(SolutionItems) = preProject
		Problem01-VegetableMarket.docx = Problem01-VegetableMarket.docx
		Problem02-PoolPipes.docx = Problem02-PoolPipes.docx
		Problem03-Trip.docx = Problem03-Trip.docx
		Problem04-Division.docx = Problem04-Division.docx
		Problem05-Butterfly.docx = Problem05-Butterfly.docx
		Problem06-MagicCombination.docx = Problem06-MagicCombination.docx
	EndProjectSection
EndProject
Project("{FAE04EC0-301F-11D3-BF4B-00C04F79EFBC}") = "05. Butterfly", "05. Butterfly\05. Butterfly.csproj", "{75F8527D-A15A-4820-AE14-61152F6D792A}"
EndProject
Project("{FAE04EC0-301F-11D3-BF4B-00C04F79EFBC}") = "04. Division", "04. Division\04. Division.csproj", "{E97BBFD7-9D41-47F3-85DA-AE066DACA107}"
EndProject
Project("{FAE04EC0-301F-11D3-BF4B-00C04F79EFBC}") = "06. MagicCombination", "06. MagicCombination\06. MagicCombination.csproj", "{F755350F-AA0A-418F-AD39-14E3176BBC43}"
EndProject
Global
	GlobalSection(SolutionConfigurationPlatforms) = preSolution
		Debug|Any CPU = Debug|Any CPU
		Release|Any CPU = Release|Any CPU
	EndGlobalSection
	GlobalSection(ProjectConfigurationPlatforms) = postSolution
		{D799C041-A055-44D2-8A11-C1B349513CF2}.Debug|Any CPU.ActiveCfg = Debug|Any CPU
		{D799C041-A055-44D2-8A11-C1B349513CF2}.Debug|Any CPU.Build.0 = Debug|Any CPU
		{D799C041-A055-44D2-8A11-C1B349513CF2}.Release|Any CPU.ActiveCfg = Release|Any CPU
		{D799C041-A055-44D2-8A11-C1B349513CF2}.Release|Any CPU.Build.0 = Release|Any CPU
		{97970A82-887A-485A-9972-9F6869A4AEEA}.Debug|Any CPU.ActiveCfg = Debug|Any CPU
		{97970A82-887A-485A-9972-9F6869A4AEEA}.Debug|Any CPU.Build.0 = Debug|Any CPU
		{97970A82-887A-485A-9972-9F6869A4AEEA}.Release|Any CPU.ActiveCfg = Release|Any CPU
		{97970A82-887A-485A-9972-9F6869A4AEEA}.Release|Any CPU.Build.0 = Release|Any CPU
		{D712ABC0-1B63-4D33-99EA-F4AAC7E427E9}.Debug|Any CPU.ActiveCfg = Debug|Any CPU
		{D712ABC0-1B63-4D33-99EA-F4AAC7E427E9}.Debug|Any CPU.Build.0 = Debug|Any CPU
		{D712ABC0-1B63-4D33-99EA-F4AAC7E427E9}.Release|Any CPU.ActiveCfg = Release|Any CPU
		{D712ABC0-1B63-4D33-99EA-F4AAC7E427E9}.Release|Any CPU.Build.0 = Release|Any CPU
		{75F8527D-A15A-4820-AE14-61152F6D792A}.Debug|Any CPU.ActiveCfg = Debug|Any CPU
		{75F8527D-A15A-4820-AE14-61152F6D792A}.Debug|Any CPU.Build.0 = Debug|Any CPU
		{75F8527D-A15A-4820-AE14-61152F6D792A}.Release|Any CPU.ActiveCfg = Release|Any CPU
		{75F8527D-A15A-4820-AE14-61152F6D792A}.Release|Any CPU.Build.0 = Release|Any CPU
		{E97BBFD7-9D41-47F3-85DA-AE066DACA107}.Debug|Any CPU.ActiveCfg = Debug|Any CPU
		{E97BBFD7-9D41-47F3-85DA-AE066DACA107}.Debug|Any CPU.Build.0 = Debug|Any CPU
		{E97BBFD7-9D41-47F3-85DA-AE066DACA107}.Release|Any CPU.ActiveCfg = Release|Any CPU
		{E97BBFD7-9D41-47F3-85DA-AE066DACA107}.Release|Any CPU.Build.0 = Release|Any CPU
		{F755350F-AA0A-418F-AD39-14E3176BBC43}.Debug|Any CPU.ActiveCfg = Debug|Any CPU
		{F755350F-AA0A-418F-AD39-14E3176BBC43}.Debug|Any CPU.Build.0 = Debug|Any CPU
		{F755350F-AA0A-418F-AD39-14E3176BBC43}.Release|Any CPU.ActiveCfg = Release|Any CPU
		{F755350F-AA0A-418F-AD39-14E3176BBC43}.Release|Any CPU.Build.0 = Release|Any CPU
	EndGlobalSection
	GlobalSection(SolutionProperties) = preSolution
		HideSolutionNode = FALSE
	EndGlobalSection
EndGlobal
